
Microsoft Visual Studio Solution File, Format Version 12.00
# Visual Studio Version 17
VisualStudioVersion = 17.7.34202.233
MinimumVisualStudioVersion = 10.0.40219.1
Project("{FAE04EC0-301F-11D3-BF4B-00C04F79EFBC}") = "SAA_MDDB", "SAA_MDDB\SAA_MDDB.csproj", "{7CC739C8-8B1D-4E08-8549-8B41DDE47735}"
EndProject
Global
	GlobalSection(SolutionConfigurationPlatforms) = preSolution
		Debug|Any CPU = Debug|Any CPU
		Release|Any CPU = Release|Any CPU
	EndGlobalSection
	GlobalSection(ProjectConfigurationPlatforms) = postSolution
		{7CC739C8-8B1D-4E08-8549-8B41DDE47735}.Debug|Any CPU.ActiveCfg = Debug|Any CPU
		{7CC739C8-8B1D-4E08-8549-8B41DDE47735}.Debug|Any CPU.Build.0 = Debug|Any CPU
		{7CC739C8-8B1D-4E08-8549-8B41DDE47735}.Release|Any CPU.ActiveCfg = Release|Any CPU
		{7CC739C8-8B1D-4E08-8549-8B41DDE47735}.Release|Any CPU.Build.0 = Release|Any CPU
	EndGlobalSection
	GlobalSection(SolutionProperties) = preSolution
		HideSolutionNode = FALSE
	EndGlobalSection
	GlobalSection(ExtensibilityGlobals) = postSolution
		SolutionGuid = {BCD9A0A2-11BA-4F30-8635-A17BA6E86936}
	EndGlobalSection
EndGlobal
